// !$*UTF8*$!
{
	archiveVersion = 1;
	classes = {
	};
	objectVersion = 77;
	objects = {

/* Begin PBXContainerItemProxy section */
		F459260A2E0D67BD00760709 /* PBXContainerItemProxy */ = {
			isa = PBXContainerItemProxy;
			containerPortal = F45925F42E0D67BB00760709 /* Project object */;
			proxyType = 1;
			remoteGlobalIDString = F45925FB2E0D67BB00760709;
			remoteInfo = SwiftUI_Image_tutorial;
		};
		F45926142E0D67BD00760709 /* PBXContainerItemProxy */ = {
			isa = PBXContainerItemProxy;
			containerPortal = F45925F42E0D67BB00760709 /* Project object */;
			proxyType = 1;
			remoteGlobalIDString = F45925FB2E0D67BB00760709;
			remoteInfo = SwiftUI_Image_tutorial;
		};
/* End PBXContainerItemProxy section */

/* Begin PBXFileReference section */
		F45925FC2E0D67BB00760709 /* SwiftUI_Image_tutorial.app */ = {isa = PBXFileReference; explicitFileType = wrapper.application; includeInIndex = 0; path = SwiftUI_Image_tutorial.app; sourceTree = BUILT_PRODUCTS_DIR; };
		F45926092E0D67BD00760709 /* SwiftUI_Image_tutorialTests.xctest */ = {isa = PBXFileReference; explicitFileType = wrapper.cfbundle; includeInIndex = 0; path = SwiftUI_Image_tutorialTests.xctest; sourceTree = BUILT_PRODUCTS_DIR; };
		F45926132E0D67BD00760709 /* SwiftUI_Image_tutorialUITests.xctest */ = {isa = PBXFileReference; explicitFileType = wrapper.cfbundle; includeInIndex = 0; path = SwiftUI_Image_tutorialUITests.xctest; sourceTree = BUILT_PRODUCTS_DIR; };
/* End PBXFileReference section */

/* Begin PBXFileSystemSynchronizedRootGroup section */
		F45925FE2E0D67BB00760709 /* SwiftUI_Image_tutorial */ = {
			isa = PBXFileSystemSynchronizedRootGroup;
			path = SwiftUI_Image_tutorial;
			sourceTree = "<group>";
		};
		F459260C2E0D67BD00760709 /* SwiftUI_Image_tutorialTests */ = {
			isa = PBXFileSystemSynchronizedRootGroup;
			path = SwiftUI_Image_tutorialTests;
			sourceTree = "<group>";
		};
		F45926162E0D67BD00760709 /* SwiftUI_Image_tutorialUITests */ = {
			isa = PBXFileSystemSynchronizedRootGroup;
			path = SwiftUI_Image_tutorialUITests;
			sourceTree = "<group>";
		};
/* End PBXFileSystemSynchronizedRootGroup section */

/* Begin PBXFrameworksBuildPhase section */
		F45925F92E0D67BB00760709 /* Frameworks */ = {
			isa = PBXFrameworksBuildPhase;
			buildActionMask = 2147483647;
			files = (
			);
			runOnlyForDeploymentPostprocessing = 0;
		};
		F45926062E0D67BD00760709 /* Frameworks */ = {
			isa = PBXFrameworksBuildPhase;
			buildActionMask = 2147483647;
			files = (
			);
			runOnlyForDeploymentPostprocessing = 0;
		};
		F45926102E0D67BD00760709 /* Frameworks */ = {
			isa = PBXFrameworksBuildPhase;
			buildActionMask = 2147483647;
			files = (
			);
			runOnlyForDeploymentPostprocessing = 0;
		};
/* End PBXFrameworksBuildPhase section */

/* Begin PBXGroup section */
		F45925F32E0D67BB00760709 = {
			isa = PBXGroup;
			children = (
				F45925FE2E0D67BB00760709 /* SwiftUI_Image_tutorial */,
				F459260C2E0D67BD00760709 /* SwiftUI_Image_tutorialTests */,
				F45926162E0D67BD00760709 /* SwiftUI_Image_tutorialUITests */,
				F45925FD2E0D67BB00760709 /* Products */,
			);
			sourceTree = "<group>";
		};
		F45925FD2E0D67BB00760709 /* Products */ = {
			isa = PBXGroup;
			children = (
				F45925FC2E0D67BB00760709 /* SwiftUI_Image_tutorial.app */,
				F45926092E0D67BD00760709 /* SwiftUI_Image_tutorialTests.xctest */,
				F45926132E0D67BD00760709 /* SwiftUI_Image_tutorialUITests.xctest */,
			);
			name = Products;
			sourceTree = "<group>";
		};
/* End PBXGroup section */

/* Begin PBXNativeTarget section */
		F45925FB2E0D67BB00760709 /* SwiftUI_Image_tutorial */ = {
			isa = PBXNativeTarget;
			buildConfigurationList = F459261D2E0D67BD00760709 /* Build configuration list for PBXNativeTarget "SwiftUI_Image_tutorial" */;
			buildPhases = (
				F45925F82E0D67BB00760709 /* Sources */,
				F45925F92E0D67BB00760709 /* Frameworks */,
				F45925FA2E0D67BB00760709 /* Resources */,
			);
			buildRules = (
			);
			dependencies = (
			);
			fileSystemSynchronizedGroups = (
				F45925FE2E0D67BB00760709 /* SwiftUI_Image_tutorial */,
			);
			name = SwiftUI_Image_tutorial;
			packageProductDependencies = (
			);
			productName = SwiftUI_Image_tutorial;
			productReference = F45925FC2E0D67BB00760709 /* SwiftUI_Image_tutorial.app */;
			productType = "com.apple.product-type.application";
		};
		F45926082E0D67BD00760709 /* SwiftUI_Image_tutorialTests */ = {
			isa = PBXNativeTarget;
			buildConfigurationList = F45926202E0D67BD00760709 /* Build configuration list for PBXNativeTarget "SwiftUI_Image_tutorialTests" */;
			buildPhases = (
				F45926052E0D67BD00760709 /* Sources */,
				F45926062E0D67BD00760709 /* Frameworks */,
				F45926072E0D67BD00760709 /* Resources */,
			);
			buildRules = (
			);
			dependencies = (
				F459260B2E0D67BD00760709 /* PBXTargetDependency */,
			);
			fileSystemSynchronizedGroups = (
				F459260C2E0D67BD00760709 /* SwiftUI_Image_tutorialTests */,
			);
			name = SwiftUI_Image_tutorialTests;
			packageProductDependencies = (
			);
			productName = SwiftUI_Image_tutorialTests;
			productReference = F45926092E0D67BD00760709 /* SwiftUI_Image_tutorialTests.xctest */;
			productType = "com.apple.product-type.bundle.unit-test";
		};
		F45926122E0D67BD00760709 /* SwiftUI_Image_tutorialUITests */ = {
			isa = PBXNativeTarget;
			buildConfigurationList = F45926232E0D67BD00760709 /* Build configuration list for PBXNativeTarget "SwiftUI_Image_tutorialUITests" */;
			buildPhases = (
				F459260F2E0D67BD00760709 /* Sources */,
				F45926102E0D67BD00760709 /* Frameworks */,
				F45926112E0D67BD00760709 /* Resources */,
			);
			buildRules = (
			);
			dependencies = (
				F45926152E0D67BD00760709 /* PBXTargetDependency */,
			);
			fileSystemSynchronizedGroups = (
				F45926162E0D67BD00760709 /* SwiftUI_Image_tutorialUITests */,
			);
			name = SwiftUI_Image_tutorialUITests;
			packageProductDependencies = (
			);
			productName = SwiftUI_Image_tutorialUITests;
			productReference = F45926132E0D67BD00760709 /* SwiftUI_Image_tutorialUITests.xctest */;
			productType = "com.apple.product-type.bundle.ui-testing";
		};
/* End PBXNativeTarget section */

/* Begin PBXProject section */
		F45925F42E0D67BB00760709 /* Project object */ = {
			isa = PBXProject;
			attributes = {
				BuildIndependentTargetsInParallel = 1;
				LastSwiftUpdateCheck = 1640;
				LastUpgradeCheck = 1640;
				TargetAttributes = {
					F45925FB2E0D67BB00760709 = {
						CreatedOnToolsVersion = 16.4;
					};
					F45926082E0D67BD00760709 = {
						CreatedOnToolsVersion = 16.4;
						TestTargetID = F45925FB2E0D67BB00760709;
					};
					F45926122E0D67BD00760709 = {
						CreatedOnToolsVersion = 16.4;
						TestTargetID = F45925FB2E0D67BB00760709;
					};
				};
			};
			buildConfigurationList = F45925F72E0D67BB00760709 /* Build configuration list for PBXProject "SwiftUI_Image_tutorial" */;
			developmentRegion = en;
			hasScannedForEncodings = 0;
			knownRegions = (
				en,
				Base,
			);
			mainGroup = F45925F32E0D67BB00760709;
			minimizedProjectReferenceProxies = 1;
			preferredProjectObjectVersion = 77;
			productRefGroup = F45925FD2E0D67BB00760709 /* Products */;
			projectDirPath = "";
			projectRoot = "";
			targets = (
				F45925FB2E0D67BB00760709 /* SwiftUI_Image_tutorial */,
				F45926082E0D67BD00760709 /* SwiftUI_Image_tutorialTests */,
				F45926122E0D67BD00760709 /* SwiftUI_Image_tutorialUITests */,
			);
		};
/* End PBXProject section */

/* Begin PBXResourcesBuildPhase section */
		F45925FA2E0D67BB00760709 /* Resources */ = {
			isa = PBXResourcesBuildPhase;
			buildActionMask = 2147483647;
			files = (
			);
			runOnlyForDeploymentPostprocessing = 0;
		};
		F45926072E0D67BD00760709 /* Resources */ = {
			isa = PBXResourcesBuildPhase;
			buildActionMask = 2147483647;
			files = (
			);
			runOnlyForDeploymentPostprocessing = 0;
		};
		F45926112E0D67BD00760709 /* Resources */ = {
			isa = PBXResourcesBuildPhase;
			buildActionMask = 2147483647;
			files = (
			);
			runOnlyForDeploymentPostprocessing = 0;
		};
/* End PBXResourcesBuildPhase section */

/* Begin PBXSourcesBuildPhase section */
		F45925F82E0D67BB00760709 /* Sources */ = {
			isa = PBXSourcesBuildPhase;
			buildActionMask = 2147483647;
			files = (
			);
			runOnlyForDeploymentPostprocessing = 0;
		};
		F45926052E0D67BD00760709 /* Sources */ = {
			isa = PBXSourcesBuildPhase;
			buildActionMask = 2147483647;
			files = (
			);
			runOnlyForDeploymentPostprocessing = 0;
		};
		F459260F2E0D67BD00760709 /* Sources */ = {
			isa = PBXSourcesBuildPhase;
			buildActionMask = 2147483647;
			files = (
			);
			runOnlyForDeploymentPostprocessing = 0;
		};
/* End PBXSourcesBuildPhase section */

/* Begin PBXTargetDependency section */
		F459260B2E0D67BD00760709 /* PBXTargetDependency */ = {
			isa = PBXTargetDependency;
			target = F45925FB2E0D67BB00760709 /* SwiftUI_Image_tutorial */;
			targetProxy = F459260A2E0D67BD00760709 /* PBXContainerItemProxy */;
		};
		F45926152E0D67BD00760709 /* PBXTargetDependency */ = {
			isa = PBXTargetDependency;
			target = F45925FB2E0D67BB00760709 /* SwiftUI_Image_tutorial */;
			targetProxy = F45926142E0D67BD00760709 /* PBXContainerItemProxy */;
		};
/* End PBXTargetDependency section */

/* Begin XCBuildConfiguration section */
		F459261B2E0D67BD00760709 /* Debug */ = {
			isa = XCBuildConfiguration;
			buildSettings = {
				ALWAYS_SEARCH_USER_PATHS = NO;
				ASSETCATALOG_COMPILER_GENERATE_SWIFT_ASSET_SYMBOL_EXTENSIONS = YES;
				CLANG_ANALYZER_NONNULL = YES;
				CLANG_ANALYZER_NUMBER_OBJECT_CONVERSION = YES_AGGRESSIVE;
				CLANG_CXX_LANGUAGE_STANDARD = "gnu++20";
				CLANG_ENABLE_MODULES = YES;
				CLANG_ENABLE_OBJC_ARC = YES;
				CLANG_ENABLE_OBJC_WEAK = YES;
				CLANG_WARN_BLOCK_CAPTURE_AUTORELEASING = YES;
				CLANG_WARN_BOOL_CONVERSION = YES;
				CLANG_WARN_COMMA = YES;
				CLANG_WARN_CONSTANT_CONVERSION = YES;
				CLANG_WARN_DEPRECATED_OBJC_IMPLEMENTATIONS = YES;
				CLANG_WARN_DIRECT_OBJC_ISA_USAGE = YES_ERROR;
				CLANG_WARN_DOCUMENTATION_COMMENTS = YES;
				CLANG_WARN_EMPTY_BODY = YES;
				CLANG_WARN_ENUM_CONVERSION = YES;
				CLANG_WARN_INFINITE_RECURSION = YES;
				CLANG_WARN_INT_CONVERSION = YES;
				CLANG_WARN_NON_LITERAL_NULL_CONVERSION = YES;
				CLANG_WARN_OBJC_IMPLICIT_RETAIN_SELF = YES;
				CLANG_WARN_OBJC_LITERAL_CONVERSION = YES;
				CLANG_WARN_OBJC_ROOT_CLASS = YES_ERROR;
				CLANG_WARN_QUOTED_INCLUDE_IN_FRAMEWORK_HEADER = YES;
				CLANG_WARN_RANGE_LOOP_ANALYSIS = YES;
				CLANG_WARN_STRICT_PROTOTYPES = YES;
				CLANG_WARN_SUSPICIOUS_MOVE = YES;
				CLANG_WARN_UNGUARDED_AVAILABILITY = YES_AGGRESSIVE;
				CLANG_WARN_UNREACHABLE_CODE = YES;
				CLANG_WARN__DUPLICATE_METHOD_MATCH = YES;
				COPY_PHASE_STRIP = NO;
				DEBUG_INFORMATION_FORMAT = dwarf;
				ENABLE_STRICT_OBJC_MSGSEND = YES;
				ENABLE_TESTABILITY = YES;
				ENABLE_USER_SCRIPT_SANDBOXING = YES;
				GCC_C_LANGUAGE_STANDARD = gnu17;
				GCC_DYNAMIC_NO_PIC = NO;
				GCC_NO_COMMON_BLOCKS = YES;
				GCC_OPTIMIZATION_LEVEL = 0;
				GCC_PREPROCESSOR_DEFINITIONS = (
					"DEBUG=1",
					"$(inherited)",
				);
				GCC_WARN_64_TO_32_BIT_CONVERSION = YES;
				GCC_WARN_ABOUT_RETURN_TYPE = YES_ERROR;
				GCC_WARN_UNDECLARED_SELECTOR = YES;
				GCC_WARN_UNINITIALIZED_AUTOS = YES_AGGRESSIVE;
				GCC_WARN_UNUSED_FUNCTION = YES;
				GCC_WARN_UNUSED_VARIABLE = YES;
				IPHONEOS_DEPLOYMENT_TARGET = 18.5;
				LOCALIZATION_PREFERS_STRING_CATALOGS = YES;
				MTL_ENABLE_DEBUG_INFO = INCLUDE_SOURCE;
				MTL_FAST_MATH = YES;
				ONLY_ACTIVE_ARCH = YES;
				SDKROOT = iphoneos;
				SWIFT_ACTIVE_COMPILATION_CONDITIONS = "DEBUG $(inherited)";
				SWIFT_OPTIMIZATION_LEVEL = "-Onone";
			};
			name = Debug;
		};
		F459261C2E0D67BD00760709 /* Release */ = {
			isa = XCBuildConfiguration;
			buildSettings = {
				ALWAYS_SEARCH_USER_PATHS = NO;
				ASSETCATALOG_COMPILER_GENERATE_SWIFT_ASSET_SYMBOL_EXTENSIONS = YES;
				CLANG_ANALYZER_NONNULL = YES;
				CLANG_ANALYZER_NUMBER_OBJECT_CONVERSION = YES_AGGRESSIVE;
				CLANG_CXX_LANGUAGE_STANDARD = "gnu++20";
				CLANG_ENABLE_MODULES = YES;
				CLANG_ENABLE_OBJC_ARC = YES;
				CLANG_ENABLE_OBJC_WEAK = YES;
				CLANG_WARN_BLOCK_CAPTURE_AUTORELEASING = YES;
				CLANG_WARN_BOOL_CONVERSION = YES;
				CLANG_WARN_COMMA = YES;
				CLANG_WARN_CONSTANT_CONVERSION = YES;
				CLANG_WARN_DEPRECATED_OBJC_IMPLEMENTATIONS = YES;
				CLANG_WARN_DIRECT_OBJC_ISA_USAGE = YES_ERROR;
				CLANG_WARN_DOCUMENTATION_COMMENTS = YES;
				CLANG_WARN_EMPTY_BODY = YES;
				CLANG_WARN_ENUM_CONVERSION = YES;
				CLANG_WARN_INFINITE_RECURSION = YES;
				CLANG_WARN_INT_CONVERSION = YES;
				CLANG_WARN_NON_LITERAL_NULL_CONVERSION = YES;
				CLANG_WARN_OBJC_IMPLICIT_RETAIN_SELF = YES;
				CLANG_WARN_OBJC_LITERAL_CONVERSION = YES;
				CLANG_WARN_OBJC_ROOT_CLASS = YES_ERROR;
				CLANG_WARN_QUOTED_INCLUDE_IN_FRAMEWORK_HEADER = YES;
				CLANG_WARN_RANGE_LOOP_ANALYSIS = YES;
				CLANG_WARN_STRICT_PROTOTYPES = YES;
				CLANG_WARN_SUSPICIOUS_MOVE = YES;
				CLANG_WARN_UNGUARDED_AVAILABILITY = YES_AGGRESSIVE;
				CLANG_WARN_UNREACHABLE_CODE = YES;
				CLANG_WARN__DUPLICATE_METHOD_MATCH = YES;
				COPY_PHASE_STRIP = NO;
				DEBUG_INFORMATION_FORMAT = "dwarf-with-dsym";
				ENABLE_NS_ASSERTIONS = NO;
				ENABLE_STRICT_OBJC_MSGSEND = YES;
				ENABLE_USER_SCRIPT_SANDBOXING = YES;
				GCC_C_LANGUAGE_STANDARD = gnu17;
				GCC_NO_COMMON_BLOCKS = YES;
				GCC_WARN_64_TO_32_BIT_CONVERSION = YES;
				GCC_WARN_ABOUT_RETURN_TYPE = YES_ERROR;
				GCC_WARN_UNDECLARED_SELECTOR = YES;
				GCC_WARN_UNINITIALIZED_AUTOS = YES_AGGRESSIVE;
				GCC_WARN_UNUSED_FUNCTION = YES;
				GCC_WARN_UNUSED_VARIABLE = YES;
				IPHONEOS_DEPLOYMENT_TARGET = 18.5;
				LOCALIZATION_PREFERS_STRING_CATALOGS = YES;
				MTL_ENABLE_DEBUG_INFO = NO;
				MTL_FAST_MATH = YES;
				SDKROOT = iphoneos;
				SWIFT_COMPILATION_MODE = wholemodule;
				VALIDATE_PRODUCT = YES;
			};
			name = Release;
		};
		F459261E2E0D67BD00760709 /* Debug */ = {
			isa = XCBuildConfiguration;
			buildSettings = {
				ASSETCATALOG_COMPILER_APPICON_NAME = AppIcon;
				ASSETCATALOG_COMPILER_GLOBAL_ACCENT_COLOR_NAME = AccentColor;
				CODE_SIGN_STYLE = Automatic;
				CURRENT_PROJECT_VERSION = 1;
				ENABLE_PREVIEWS = YES;
				GENERATE_INFOPLIST_FILE = YES;
				INFOPLIST_FILE = "SwiftUI-Image-tutorial-Info.plist";
				INFOPLIST_KEY_UIApplicationSceneManifest_Generation = YES;
				INFOPLIST_KEY_UIApplicationSupportsIndirectInputEvents = YES;
				INFOPLIST_KEY_UILaunchScreen_Generation = YES;
				INFOPLIST_KEY_UISupportedInterfaceOrientations_iPad = "UIInterfaceOrientationPortrait UIInterfaceOrientationPortraitUpsideDown UIInterfaceOrientationLandscapeLeft UIInterfaceOrientationLandscapeRight";
				LD_RUNPATH_SEARCH_PATHS = (
					"$(inherited)",
					"@executable_path/Frameworks",
				);
				MARKETING_VERSION = 1.0;
				PRODUCT_BUNDLE_IDENTIFIER = "com.jiwonstudy.SwiftUI-Image-tutorial";
				PRODUCT_NAME = "$(TARGET_NAME)";
				SWIFT_EMIT_LOC_STRINGS = YES;
				SWIFT_VERSION = 5.0;
				TARGETED_DEVICE_FAMILY = "1,2";
			};
			name = Debug;
		};
		F459261F2E0D67BD00760709 /* Release */ = {
			isa = XCBuildConfiguration;
			buildSettings = {
				ASSETCATALOG_COMPILER_APPICON_NAME = AppIcon;
				ASSETCATALOG_COMPILER_GLOBAL_ACCENT_COLOR_NAME = AccentColor;
				CODE_SIGN_STYLE = Automatic;
				CURRENT_PROJECT_VERSION = 1;
				ENABLE_PREVIEWS = YES;
				GENERATE_INFOPLIST_FILE = YES;
				INFOPLIST_FILE = "SwiftUI-Image-tutorial-Info.plist";
				INFOPLIST_KEY_UIApplicationSceneManifest_Generation = YES;
				INFOPLIST_KEY_UIApplicationSupportsIndirectInputEvents = YES;
				INFOPLIST_KEY_UILaunchScreen_Generation = YES;
				INFOPLIST_KEY_UISupportedInterfaceOrientations_iPad = "UIInterfaceOrientationPortrait UIInterfaceOrientationPortraitUpsideDown UIInterfaceOrientationLandscapeLeft UIInterfaceOrientationLandscapeRight";
				LD_RUNPATH_SEARCH_PATHS = (
					"$(inherited)",
					"@executable_path/Frameworks",
				);
				MARKETING_VERSION = 1.0;
				PRODUCT_BUNDLE_IDENTIFIER = "com.jiwonstudy.SwiftUI-Image-tutorial";
				PRODUCT_NAME = "$(TARGET_NAME)";
				SWIFT_EMIT_LOC_STRINGS = YES;
				SWIFT_VERSION = 5.0;
				TARGETED_DEVICE_FAMILY = "1,2";
			};
			name = Release;
		};
		F45926212E0D67BD00760709 /* Debug */ = {
			isa = XCBuildConfiguration;
			buildSettings = {
				BUNDLE_LOADER = "$(TEST_HOST)";
				CODE_SIGN_STYLE = Automatic;
				CURRENT_PROJECT_VERSION = 1;
				GENERATE_INFOPLIST_FILE = YES;
				IPHONEOS_DEPLOYMENT_TARGET = 18.5;
				MARKETING_VERSION = 1.0;
				PRODUCT_BUNDLE_IDENTIFIER = "com.jiwonstudy.SwiftUI-Image-tutorialTests";
				PRODUCT_NAME = "$(TARGET_NAME)";
				SWIFT_EMIT_LOC_STRINGS = NO;
				SWIFT_VERSION = 5.0;
				TARGETED_DEVICE_FAMILY = "1,2";
				TEST_HOST = "$(BUILT_PRODUCTS_DIR)/SwiftUI_Image_tutorial.app/$(BUNDLE_EXECUTABLE_FOLDER_PATH)/SwiftUI_Image_tutorial";
			};
			name = Debug;
		};
		F45926222E0D67BD00760709 /* Release */ = {
			isa = XCBuildConfiguration;
			buildSettings = {
				BUNDLE_LOADER = "$(TEST_HOST)";
				CODE_SIGN_STYLE = Automatic;
				CURRENT_PROJECT_VERSION = 1;
				GENERATE_INFOPLIST_FILE = YES;
				IPHONEOS_DEPLOYMENT_TARGET = 18.5;
				MARKETING_VERSION = 1.0;
				PRODUCT_BUNDLE_IDENTIFIER = "com.jiwonstudy.SwiftUI-Image-tutorialTests";
				PRODUCT_NAME = "$(TARGET_NAME)";
				SWIFT_EMIT_LOC_STRINGS = NO;
				SWIFT_VERSION = 5.0;
				TARGETED_DEVICE_FAMILY = "1,2";
				TEST_HOST = "$(BUILT_PRODUCTS_DIR)/SwiftUI_Image_tutorial.app/$(BUNDLE_EXECUTABLE_FOLDER_PATH)/SwiftUI_Image_tutorial";
			};
			name = Release;
		};
		F45926242E0D67BD00760709 /* Debug */ = {
			isa = XCBuildConfiguration;
			buildSettings = {
				CODE_SIGN_STYLE = Automatic;
				CURRENT_PROJECT_VERSION = 1;
				GENERATE_INFOPLIST_FILE = YES;
				MARKETING_VERSION = 1.0;
				PRODUCT_BUNDLE_IDENTIFIER = "com.jiwonstudy.SwiftUI-Image-tutorialUITests";
				PRODUCT_NAME = "$(TARGET_NAME)";
				SWIFT_EMIT_LOC_STRINGS = NO;
				SWIFT_VERSION = 5.0;
				TARGETED_DEVICE_FAMILY = "1,2";
				TEST_TARGET_NAME = SwiftUI_Image_tutorial;
			};
			name = Debug;
		};
		F45926252E0D67BD00760709 /* Release */ = {
			isa = XCBuildConfiguration;
			buildSettings = {
				CODE_SIGN_STYLE = Automatic;
				CURRENT_PROJECT_VERSION = 1;
				GENERATE_INFOPLIST_FILE = YES;
				MARKETING_VERSION = 1.0;
				PRODUCT_BUNDLE_IDENTIFIER = "com.jiwonstudy.SwiftUI-Image-tutorialUITests";
				PRODUCT_NAME = "$(TARGET_NAME)";
				SWIFT_EMIT_LOC_STRINGS = NO;
				SWIFT_VERSION = 5.0;
				TARGETED_DEVICE_FAMILY = "1,2";
				TEST_TARGET_NAME = SwiftUI_Image_tutorial;
			};
			name = Release;
		};
/* End XCBuildConfiguration section */

/* Begin XCConfigurationList section */
		F45925F72E0D67BB00760709 /* Build configuration list for PBXProject "SwiftUI_Image_tutorial" */ = {
			isa = XCConfigurationList;
			buildConfigurations = (
				F459261B2E0D67BD00760709 /* Debug */,
				F459261C2E0D67BD00760709 /* Release */,
			);
			defaultConfigurationIsVisible = 0;
			defaultConfigurationName = Release;
		};
		F459261D2E0D67BD00760709 /* Build configuration list for PBXNativeTarget "SwiftUI_Image_tutorial" */ = {
			isa = XCConfigurationList;
			buildConfigurations = (
				F459261E2E0D67BD00760709 /* Debug */,
				F459261F2E0D67BD00760709 /* Release */,
			);
			defaultConfigurationIsVisible = 0;
			defaultConfigurationName = Release;
		};
		F45926202E0D67BD00760709 /* Build configuration list for PBXNativeTarget "SwiftUI_Image_tutorialTests" */ = {
			isa = XCConfigurationList;
			buildConfigurations = (
				F45926212E0D67BD00760709 /* Debug */,
				F45926222E0D67BD00760709 /* Release */,
			);
			defaultConfigurationIsVisible = 0;
			defaultConfigurationName = Release;
		};
		F45926232E0D67BD00760709 /* Build configuration list for PBXNativeTarget "SwiftUI_Image_tutorialUITests" */ = {
			isa = XCConfigurationList;
			buildConfigurations = (
				F45926242E0D67BD00760709 /* Debug */,
				F45926252E0D67BD00760709 /* Release */,
			);
			defaultConfigurationIsVisible = 0;
			defaultConfigurationName = Release;
		};
/* End XCConfigurationList section */
	};
	rootObject = F45925F42E0D67BB00760709 /* Project object */;
}
